{
  "version": 4,
  "terraform_version": "1.5.7",
  "serial": 10,
  "lineage": "9193d450-bd0c-5406-c49b-d95e3855b3e7",
  "outputs": {},
  "resources": [
    {
      "mode": "managed",
      "type": "google_cloud_run_service",
      "name": "nextjs_app",
      "provider": "provider[\"registry.terraform.io/hashicorp/google\"]",
      "instances": [
        {
          "status": "tainted",
          "schema_version": 1,
          "attributes": {
            "autogenerate_revision_name": false,
            "id": "locations/australia-southeast2/namespaces/q-manager-453001/services/nextjs-app-staging",
            "location": "australia-southeast2",
            "metadata": null,
            "name": "nextjs-app-staging",
            "project": "q-manager-453001",
            "status": null,
            "template": [
              {
                "metadata": [],
                "spec": [
                  {
                    "container_concurrency": 0,
                    "containers": [
                      {
                        "args": null,
                        "command": null,
                        "env": [
                          {
                            "name": "NEXT_PUBLIC_API_URL",
                            "value": "https://websocket-server-269155740970.australia-southeast2.run.app",
                            "value_from": []
                          },
                          {
                            "name": "NODE_ENV",
                            "value": "production",
                            "value_from": []
                          }
                        ],
                        "env_from": [],
                        "image": "australia-southeast2-docker.pkg.dev/q-manager-453001/q-manager-nextjs/nextjs-app:test",
                        "liveness_probe": [],
                        "name": "",
                        "ports": [
                          {
                            "container_port": 3000,
                            "name": "",
                            "protocol": ""
                          }
                        ],
                        "resources": [],
                        "startup_probe": [
                          {
                            "failure_threshold": 30,
                            "grpc": [],
                            "http_get": [
                              {
                                "http_headers": [],
                                "path": "/",
                                "port": 3000
                              }
                            ],
                            "initial_delay_seconds": 0,
                            "period_seconds": 10,
                            "tcp_socket": [],
                            "timeout_seconds": 5
                          }
                        ],
                        "volume_mounts": [],
                        "working_dir": ""
                      }
                    ],
                    "service_account_name": "",
                    "serving_state": "",
                    "timeout_seconds": 600,
                    "volumes": []
                  }
                ]
              }
            ],
            "timeouts": null,
            "traffic": [
              {
                "latest_revision": true,
                "percent": 100,
                "revision_name": "",
                "tag": "",
                "url": ""
              }
            ]
          },
          "sensitive_attributes": [],
          "private": "eyJlMmJmYjczMC1lY2FhLTExZTYtOGY4OC0zNDM2M2JjN2M0YzAiOnsiY3JlYXRlIjoxMjAwMDAwMDAwMDAwLCJkZWxldGUiOjEyMDAwMDAwMDAwMDAsInVwZGF0ZSI6MTIwMDAwMDAwMDAwMH0sInNjaGVtYV92ZXJzaW9uIjoiMSJ9"
        }
      ]
    }
  ],
  "check_results": null
}
